{
  "meteor": {},
  "dependencies": {
    "basePackages": {
      "iron-router": {},
      "medium-editor-updated": {},
      "sass": {},
      "moment": {}
    },
    "packages": {
      "iron-router": {
        "git": "https://github.com/EventedMind/iron-router.git",
        "tag": "v0.7.1",
        "commit": "d1ffb3f06ea4c112132b030f2eb1a70b81675ecb"
      },
      "medium-editor-updated": {
        "git": "https://github.com/donflopez/meteor-medium-editor.git",
        "tag": "v1.2.0",
        "commit": "6d2f34b560b2682341aae23fc78251ccea504cd8"
      },
      "sass": {
        "git": "https://github.com/particle4dev/meteor-sass.git",
        "tag": "v0.1.4",
        "commit": "7f43b08e9726c953bbbda5974d09cfca89f45086"
      },
      "moment": {
        "git": "https://github.com/acreeger/meteor-moment.git",
        "tag": "v2.6.0",
        "commit": "26156df681750fd6e6ed77043eef32b6653ebbdf"
      },
      "blaze-layout": {
        "git": "https://github.com/EventedMind/blaze-layout.git",
        "tag": "v0.2.4",
        "commit": "b40e9b0612329288d75cf52ad14a7da64bb8618f"
      }
    }
  }
}
